
Microsoft Visual Studio Solution File, Format Version 12.00
# Visual Studio Version 17
VisualStudioVersion = 17.3.32929.385
MinimumVisualStudioVersion = 10.0.40219.1
Project("{FAE04EC0-301F-11D3-BF4B-00C04F79EFBC}") = "CRUDPontoTuristico", "CRUDPontoTuristico\CRUDPontoTuristico.csproj", "{38D36227-1B70-4FC5-9FB0-6374B0B33142}"
EndProject
Global
	GlobalSection(SolutionConfigurationPlatforms) = preSolution
		Debug|Any CPU = Debug|Any CPU
		Release|Any CPU = Release|Any CPU
	EndGlobalSection
	GlobalSection(ProjectConfigurationPlatforms) = postSolution
		{38D36227-1B70-4FC5-9FB0-6374B0B33142}.Debug|Any CPU.ActiveCfg = Debug|Any CPU
		{38D36227-1B70-4FC5-9FB0-6374B0B33142}.Debug|Any CPU.Build.0 = Debug|Any CPU
		{38D36227-1B70-4FC5-9FB0-6374B0B33142}.Release|Any CPU.ActiveCfg = Release|Any CPU
		{38D36227-1B70-4FC5-9FB0-6374B0B33142}.Release|Any CPU.Build.0 = Release|Any CPU
	EndGlobalSection
	GlobalSection(SolutionProperties) = preSolution
		HideSolutionNode = FALSE
	EndGlobalSection
	GlobalSection(ExtensibilityGlobals) = postSolution
		SolutionGuid = {F291AEC8-4F6D-4921-BA6E-377947D53A66}
	EndGlobalSection
EndGlobal
